
Microsoft Visual Studio Solution File, Format Version 12.00
# Visual Studio Version 16
VisualStudioVersion = 16.0.32228.343
MinimumVisualStudioVersion = 10.0.40219.1
Project("{FAE04EC0-301F-11D3-BF4B-00C04F79EFBC}") = "ExceptionFiltersDemo", "ExceptionFiltersDemo\ExceptionFiltersDemo.csproj", "{A47306C6-B011-4EC3-B961-A552DA58F84D}"
EndProject
Global
	GlobalSection(SolutionConfigurationPlatforms) = preSolution
		Debug|Any CPU = Debug|Any CPU
		Release|Any CPU = Release|Any CPU
	EndGlobalSection
	GlobalSection(ProjectConfigurationPlatforms) = postSolution
		{A47306C6-B011-4EC3-B961-A552DA58F84D}.Debug|Any CPU.ActiveCfg = Debug|Any CPU
		{A47306C6-B011-4EC3-B961-A552DA58F84D}.Debug|Any CPU.Build.0 = Debug|Any CPU
		{A47306C6-B011-4EC3-B961-A552DA58F84D}.Release|Any CPU.ActiveCfg = Release|Any CPU
		{A47306C6-B011-4EC3-B961-A552DA58F84D}.Release|Any CPU.Build.0 = Release|Any CPU
	EndGlobalSection
	GlobalSection(SolutionProperties) = preSolution
		HideSolutionNode = FALSE
	EndGlobalSection
	GlobalSection(ExtensibilityGlobals) = postSolution
		SolutionGuid = {684BDF02-193F-4699-AB38-2B1169EF7881}
	EndGlobalSection
EndGlobal
