
Microsoft Visual Studio Solution File, Format Version 12.00
# Visual Studio Version 16
VisualStudioVersion = 16.0.32228.343
MinimumVisualStudioVersion = 10.0.40219.1
Project("{FAE04EC0-301F-11D3-BF4B-00C04F79EFBC}") = "WebApplication1", "WebApplication1\WebApplication1.csproj", "{9E871251-C9B9-4B9E-928E-D542A545C77B}"
EndProject
Project("{FAE04EC0-301F-11D3-BF4B-00C04F79EFBC}") = "WebAPI_UsingMVC", "WebAPI_UsingMVC\WebAPI_UsingMVC.csproj", "{0476CA4E-AB75-4469-9048-BFD7A8F6A21C}"
EndProject
Global
	GlobalSection(SolutionConfigurationPlatforms) = preSolution
		Debug|Any CPU = Debug|Any CPU
		Release|Any CPU = Release|Any CPU
	EndGlobalSection
	GlobalSection(ProjectConfigurationPlatforms) = postSolution
		{9E871251-C9B9-4B9E-928E-D542A545C77B}.Debug|Any CPU.ActiveCfg = Debug|Any CPU
		{9E871251-C9B9-4B9E-928E-D542A545C77B}.Debug|Any CPU.Build.0 = Debug|Any CPU
		{9E871251-C9B9-4B9E-928E-D542A545C77B}.Release|Any CPU.ActiveCfg = Release|Any CPU
		{9E871251-C9B9-4B9E-928E-D542A545C77B}.Release|Any CPU.Build.0 = Release|Any CPU
		{0476CA4E-AB75-4469-9048-BFD7A8F6A21C}.Debug|Any CPU.ActiveCfg = Debug|Any CPU
		{0476CA4E-AB75-4469-9048-BFD7A8F6A21C}.Debug|Any CPU.Build.0 = Debug|Any CPU
		{0476CA4E-AB75-4469-9048-BFD7A8F6A21C}.Release|Any CPU.ActiveCfg = Release|Any CPU
		{0476CA4E-AB75-4469-9048-BFD7A8F6A21C}.Release|Any CPU.Build.0 = Release|Any CPU
	EndGlobalSection
	GlobalSection(SolutionProperties) = preSolution
		HideSolutionNode = FALSE
	EndGlobalSection
	GlobalSection(ExtensibilityGlobals) = postSolution
		SolutionGuid = {14B6D915-3171-4FC8-B2CA-2C49B06BC2E9}
	EndGlobalSection
EndGlobal
