
Microsoft Visual Studio Solution File, Format Version 12.00
# Visual Studio Version 16
VisualStudioVersion = 16.0.32228.343
MinimumVisualStudioVersion = 10.0.40219.1
Project("{FAE04EC0-301F-11D3-BF4B-00C04F79EFBC}") = "Validation_Model_Demo", "Validation_Model_Demo\Validation_Model_Demo.csproj", "{6F559BB6-51BD-4E6D-877F-4FB9D1AD073E}"
EndProject
Global
	GlobalSection(SolutionConfigurationPlatforms) = preSolution
		Debug|Any CPU = Debug|Any CPU
		Release|Any CPU = Release|Any CPU
	EndGlobalSection
	GlobalSection(ProjectConfigurationPlatforms) = postSolution
		{6F559BB6-51BD-4E6D-877F-4FB9D1AD073E}.Debug|Any CPU.ActiveCfg = Debug|Any CPU
		{6F559BB6-51BD-4E6D-877F-4FB9D1AD073E}.Debug|Any CPU.Build.0 = Debug|Any CPU
		{6F559BB6-51BD-4E6D-877F-4FB9D1AD073E}.Release|Any CPU.ActiveCfg = Release|Any CPU
		{6F559BB6-51BD-4E6D-877F-4FB9D1AD073E}.Release|Any CPU.Build.0 = Release|Any CPU
	EndGlobalSection
	GlobalSection(SolutionProperties) = preSolution
		HideSolutionNode = FALSE
	EndGlobalSection
	GlobalSection(ExtensibilityGlobals) = postSolution
		SolutionGuid = {D1D9716E-AF76-4D60-91CF-016226269637}
	EndGlobalSection
EndGlobal
