
Microsoft Visual Studio Solution File, Format Version 12.00
# Visual Studio Version 16
VisualStudioVersion = 16.0.32228.343
MinimumVisualStudioVersion = 10.0.40219.1
Project("{FAE04EC0-301F-11D3-BF4B-00C04F79EFBC}") = "ChildActionAttribute", "ChildActionAttribute\ChildActionAttribute.csproj", "{0E9E1490-31F0-448D-8AD3-4EBDB4AA1866}"
EndProject
Global
	GlobalSection(SolutionConfigurationPlatforms) = preSolution
		Debug|Any CPU = Debug|Any CPU
		Release|Any CPU = Release|Any CPU
	EndGlobalSection
	GlobalSection(ProjectConfigurationPlatforms) = postSolution
		{0E9E1490-31F0-448D-8AD3-4EBDB4AA1866}.Debug|Any CPU.ActiveCfg = Debug|Any CPU
		{0E9E1490-31F0-448D-8AD3-4EBDB4AA1866}.Debug|Any CPU.Build.0 = Debug|Any CPU
		{0E9E1490-31F0-448D-8AD3-4EBDB4AA1866}.Release|Any CPU.ActiveCfg = Release|Any CPU
		{0E9E1490-31F0-448D-8AD3-4EBDB4AA1866}.Release|Any CPU.Build.0 = Release|Any CPU
	EndGlobalSection
	GlobalSection(SolutionProperties) = preSolution
		HideSolutionNode = FALSE
	EndGlobalSection
	GlobalSection(ExtensibilityGlobals) = postSolution
		SolutionGuid = {1A6FD240-1EA4-4D8B-9D32-552429606EC2}
	EndGlobalSection
EndGlobal
