
Microsoft Visual Studio Solution File, Format Version 12.00
# Visual Studio Version 16
VisualStudioVersion = 16.0.32228.343
MinimumVisualStudioVersion = 10.0.40219.1
Project("{FAE04EC0-301F-11D3-BF4B-00C04F79EFBC}") = "BankingApp", "BankingApp\BankingApp.csproj", "{4D0F6C44-632F-43FE-939D-B895F060464F}"
EndProject
Global
	GlobalSection(SolutionConfigurationPlatforms) = preSolution
		Debug|Any CPU = Debug|Any CPU
		Release|Any CPU = Release|Any CPU
	EndGlobalSection
	GlobalSection(ProjectConfigurationPlatforms) = postSolution
		{4D0F6C44-632F-43FE-939D-B895F060464F}.Debug|Any CPU.ActiveCfg = Debug|Any CPU
		{4D0F6C44-632F-43FE-939D-B895F060464F}.Debug|Any CPU.Build.0 = Debug|Any CPU
		{4D0F6C44-632F-43FE-939D-B895F060464F}.Release|Any CPU.ActiveCfg = Release|Any CPU
		{4D0F6C44-632F-43FE-939D-B895F060464F}.Release|Any CPU.Build.0 = Release|Any CPU
	EndGlobalSection
	GlobalSection(SolutionProperties) = preSolution
		HideSolutionNode = FALSE
	EndGlobalSection
	GlobalSection(ExtensibilityGlobals) = postSolution
		SolutionGuid = {6C19068B-BBE9-4AE6-836D-DB43B237EA8A}
	EndGlobalSection
EndGlobal
